PODS:
  - SDWebImage (5.15.6):
    - SDWebImage/Core (= 5.15.6)
  - SDWebImage/Core (5.15.6)

DEPENDENCIES:
  - SDWebImage

SPEC REPOS:
  trunk:
    - SDWebImage

SPEC CHECKSUMS:
  SDWebImage: d47d81bea8a77187896b620dc79c3c528e8906b9

PODFILE CHECKSUM: 8b34cc714648f29644d2c8f8c8af989164dd01ed

COCOAPODS: 1.12.1
